Microsoft Visual Studio Solution File, Format Version 12.00
# Visual Studio Version 17
VisualStudioVersion = 17.5.2.0
MinimumVisualStudioVersion = 10.0.40219.1
Project("{FAE04EC0-301F-11D3-BF4B-00C04F79EFBC}") = "Stationeers_Fixes_Package", "Stationeers_Fixes_Package.csproj", "{9796EA40-E7D7-9BA3-B907-7AE9B7FB4F05}"
EndProject
Global
	GlobalSection(SolutionConfigurationPlatforms) = preSolution
		Debug|Any CPU = Debug|Any CPU
		Release|Any CPU = Release|Any CPU
	EndGlobalSection
	GlobalSection(ProjectConfigurationPlatforms) = postSolution
		{9796EA40-E7D7-9BA3-B907-7AE9B7FB4F05}.Debug|Any CPU.ActiveCfg = Debug|Any CPU
		{9796EA40-E7D7-9BA3-B907-7AE9B7FB4F05}.Debug|Any CPU.Build.0 = Debug|Any CPU
		{9796EA40-E7D7-9BA3-B907-7AE9B7FB4F05}.Release|Any CPU.ActiveCfg = Release|Any CPU
		{9796EA40-E7D7-9BA3-B907-7AE9B7FB4F05}.Release|Any CPU.Build.0 = Release|Any CPU
	EndGlobalSection
	GlobalSection(SolutionProperties) = preSolution
		HideSolutionNode = FALSE
	EndGlobalSection
	GlobalSection(ExtensibilityGlobals) = postSolution
		SolutionGuid = {9457882A-7E32-4113-81E7-B6E2F6CC5B25}
	EndGlobalSection
EndGlobal
